symfony 3e9d937eb8fedb8a585559e04311ee9a39db421f
twig 5bba14970604a26469af90b605d10c716b3af411
monolog b704c49a3051536f67f2d39f13568f74615b9922
doctrine-common b886898821288d305862ee9c567cc5b5cbb4c0dc
doctrine-dbal ae358bd94ec09d7d3ad92ca7820e67825ad9e5f4
doctrine da0e3439aba4c8bf5e8a6ee4ccee5ce2624be8d1
swiftmailer 982b4c9498b7dd85e70f6d35e65d909c888e6345
assetic f829ad23d23c87480151a21faad49fefe7c09e5d
twig-extensions 1dfff8e793f50f651c4f74f796c2c68a4aee3147
metadata 84088bc4f6e2387ec8b549bffc1e037107572f5a
SensioFrameworkExtraBundle 638f545b7020b9e9d5944a7e3167f60ed848250d
JMSSecurityExtraBundle 541a4c242328dc04b99540c75346cc74a7c0cfb5
SensioDistributionBundle f00c99854ff161b006a200d8dffa0013981d5373
SensioGeneratorBundle 67bf607b41f930f93f2032d069be535ecaa21730
AsseticBundle 41b5913b5086a0909af92adcb4a6005ee0051b16
doctrine-data-fixtures bed8908ae929562317e5c59dc0bee24f3b63067e
doctrine-migrations 9e81984b0f126b0830d9ac6acc2d1da81aba2b94
DoctrineBundle 1409eb9cc7021a172bdcd3eb3723354df3209c6b
DoctrineMigrationsBundle 2736cc88b7086bde0e8a04ba70dd8848ab6fa135
DoctrineFixturesBundle e7b2c06801f9d6711531b504bb81ab4328ed697c
imagine 9544ec40b628ca3a1ddbe57f79ed02f6bd2b2b8b
LiipImagineBundle 4b53a7f3a2fc567dc59679dccadfece16d374114
KnpMenu 138b735bab508eb3d7266ff64041bb715595b662
KnpMenuBundle 5de114491070a2ccc58ae8c8ac4bef61522e0667
KnpMarkdownBundle e545f0ee71910996d87670806693086ee65081b9
FOSUserBundle 4881e2f7f9a9a4d38238153ba4adc10e456dd528
SonatajQueryBundle 90257bf4d46ca37a490cb7b93d68fcbe29fb39b4
SonataAdminBundle c45f8d95d38ea88d9aee18aec18180e60389b74c
SonataDoctrineORMAdminBundle c87866cad5f55d2a94d16bb3b2e2349d2476c7fc
SonataEasyExtendsBundle 604cdec442d8d1eb0729a0d4ae596e3080ee33c4
SonataMediaBundle 9f8b644c3b7d2e663a835f44ba0d5df9532378c3
SonataPageBundle fd106de23004383b0d68ea62d343cd0dfb8132f6
SonataIntlBundle 990e47b29459dad3c16c858a142c6035c137f7c1
SonataNewsBundle 045ae0af87309be25d891bf4d71b37847b0fb881
SonataUserBundle 626a86d6bcbc504ab4f4a4a4068a960ce6db9165
SonataFormatterBundle 157ff5e54d9e775e9c3bb4445911f07c6dec2cc6
gaufrette b771d9aa8dc7b02714bd3bad80277acbc8708589
buzz 424187ec75eccf015296349be43980a95630ac9a
SahiClient 2effc36d71836541dae436541b92b5e4b9cce106
MinkBundle 788e4a170ab037bf810a26d2b25bfdb7b496df66
Mink 0371368e112e780e2d4054662eac73b80ad802b0
BehatBundle 13ccd7cfe8f5035635f17f34a785a1dbb2407c15
Gherkin 8b6b43eeb02dc00fd09ad8b1f15b2cbdb3737be8
Behat 5f1b6d341a9cdc3f80ebca92ea27973eda25e872
SonataDoctrineExtensions fa34fb79a9a4746b817caf7dfef7cb748d309f26
SonataCapistrano 69f7c7611df0ff38f28e61fe62aa020315b13727
faker ab039705a1526d27dc34fcee584d582bd73d9b2e
BazingaFakerBundle 111bee36eb4280384a520d195ac83b05040bc8e2
EntityAudit c4a30e4885ddd7a2f7fa4d09305345400c634aae