symfony 11ae9c97409fb349e2bfa50ed65bd23ec6dbca70
twig 31f05925258063a363178691be6988bde78ab5fb
monolog b704c49a3051536f67f2d39f13568f74615b9922
doctrine-common b886898821288d305862ee9c567cc5b5cbb4c0dc
doctrine-dbal 148a049df448af9772259e69a034e51c0c080805
doctrine e1647229cd2544bd77f10620e1b95a5781c4a733
swiftmailer 982b4c9498b7dd85e70f6d35e65d909c888e6345
assetic f829ad23d23c87480151a21faad49fefe7c09e5d
twig-extensions feb6d3f10c411e2631997c0a905aa581c80305c1
metadata 84088bc4f6e2387ec8b549bffc1e037107572f5a
SensioFrameworkExtraBundle 3dcf2d31ad898db2a5ab418cb03b9f701ba2350f
JMSSecurityExtraBundle e752f888c51425f71382c056961f10f2be642102
SensioGeneratorBundle c0118ce370f8da20e43051f2dd1ae331a202ab9c
AsseticBundle 41b5913b5086a0909af92adcb4a6005ee0051b16
doctrine-data-fixtures 779c3dfe446b6da893be87b908d6be28345d1e01
doctrine-migrations fe98141b1e460baf5ab52f9139e1ae238101b28b
DoctrineMigrationsBundle bd69825665bf3cb4c36b608fa79f364cece371c5
DoctrineFixturesBundle 479f10d068bd0b01e055aa2f555946893322b79c
imagine ea555767c851236f31ee1e048b4cd51f448cab2e
LiipImagineBundle cfb05cad7b410f09b3082dbd4b6687eed2eb34ba
KnpMenu ed4f73d1b3e8e8f8c0bf83ec22ee829ce2981701
KnpMenuBundle fa7f1f1d5a09de1f345d58167aa95ae2bc2bfb45
KnpMarkdownBundle d0fac3f6d2ac502386ee73def9cf900029e1d353
FOSUserBundle b3dc5faf0017a621537dd5ec44047be5ad5bb82e
SonatajQueryBundle 785870afce016cc387fadb361ad52c3d4a2e7fe6
SonataAdminBundle dffc76975e4d6aa5a5acf5cc33e5a3daac1cbc38
SonataDoctrineORMAdminBundle c3c3df63e6947b83e6f8e450fb9aa5cafddf5405
SonataEasyExtendsBundle 4590e4ee970c031deae56c7cd18f71f77aeceb3c
SonataMediaBundle 196cf93b863b7bc7cebe18ccaa6711896e41be83
SonataPageBundle 0c607250bff03eb950850ea9438cd31056f08675
SonataCacheBundle 341ab9ac0315b38d8c600230c39d39c72aba26df
SonataBlockBundle 0d18510ac346343ee5a19c50b012da91bd812eef
SonataIntlBundle dd54fd10efbc6a9d411927df2f8f7b36b92b5fa2
SonataSeoBundle 201dcaad98204911f039dbb211ac53217b707ac7
SonataNewsBundle f78bbe6a7614143e7b8e39713a5a176e90276ef9
SonataUserBundle e0982043fdef48d6245a193c84f7cbc65f93dfdb
SonataFormatterBundle b0818699d65d4bcb8279261a97871e9fc5403c3a
SonataNotificationBundle 6cab9c2c29d3ff0a0430a2a6964f6ba6a8915168
gaufrette b771d9aa8dc7b02714bd3bad80277acbc8708589
buzz 2ba5da13b1b03590f0164b3fb61578078d671fcc
SonataDoctrineExtensions 0a316790871e1ea7f019e2313667570eabd270b9
SonataCapistrano 8d0cf098862fc8af659443b6058d29fc0cadc53a
faker f3d296e385dd4a46a5ddf507539a6c150c32983e
BazingaFakerBundle 19624486caf20ea978e8b4aa47b215af88b763be
EntityAudit cfe8e509e5c5dd045fae0c826a432e9c0c86826a
Exporter bcdfd50bc3118173d914e790921701ab26fb6b14
Sonata 2f1a6730bfca03f6e4368d1cfd0e4deaab677c2c
JMSSerializerBundle 6bf2f092449c7104e6d9327de029cc3f5d2e3385
SonataCapistrano 8d0cf098862fc8af659443b6058d29fc0cadc53a
