symfony 4499d2418030f203a9220f4161b09c50b5a156c0
twig 661e9c7ad2820e881c93474f2fbcbe2661fd1970
monolog 269db5f3d634c408f7a89ffa1e50e542f5eee888
doctrine-common f823f199e42dfa5c0ca0ed19c47422ac7cefe72b
doctrine-dbal 45b5adda1972501833974a632e80eebf42b334e2
doctrine e13720c33d778153f757e30064d55306a8410922
swiftmailer c53c8c1ab88c78c463ba65086d93d00193957e94
assetic 3e457819c9cb04018a7fc7b9b654eac8a3310783
twig-extensions 6b0cc16934b6e62ef07c8d2e59f9f13ff3193d3d
metadata f88e63448fda6199d03cbd52c36faa610c40bec5
SensioFrameworkExtraBundle bced40d4d123f5171f888d6e56bb638b8c2a5e57
JMSSecurityExtraBundle facedd50988b311f778288ea3b5e070591936f30
SensioDistributionBundle 029151792beac272548fe9df183e15b9be521870
SensioGeneratorBundle 84c41ef39046ba652c0201c29816a0ff7b23e1f5
AsseticBundle 9c1b7269a4517d1ae94af2dc0d6d6fc4b31e6c10
doctrine-data-fixtures 4a8464ef83093de2378cef2770e13da7e4858ffc
DoctrineFixturesBundle d0d6a6e4fbbea44ab1ab7d4a107b7818d9562010
doctrine-migrations f87afe9223dbfecaaddb5927eae61392b11b58cd
DoctrineMigrationsBundle d2680e4161e71cbea140b766d82ee56492055b4f
imagine 3f3ca2173a5a67741bd1848bb7f138cd184577ff
MenuBundle e5d9c865ea7375abd6dbd251d47fc016597053ac
FOSUserBundle 68ead27f745c065b7cda01e359d628b872c01b01
SonatajQueryBundle cb7039bd694711e17b4db675434eb4ab8bc65d95
SonataAdminBundle 0cb5e14670e810e035e517d4af8371522ea235b9
SonataBluePrintBundle 3afb460b93d5e5933ff95b723d239b9864dc5e84
SonataEasyExtendsBundle 6611a8eb8894d77089a6c5d44fc0945a8eea57f9
SonataMediaBundle dc2cb3123471d239b01a7523f987133306fa89fe
SonataPageBundle 8593f4870b2aa28988596c9264b5a4c7cff41853
SonataIntlBundle 44ae45df96dad0555990e9ee04c9fe4c91b68dbc
SonataNewsBundle a94ab3eac56ff7801b76f96dbb2589e2c1845190
SonataUserBundle 32658b71742f9bd3c72883692ed5860285f5fca8
gaufrette b771d9aa8dc7b02714bd3bad80277acbc8708589
buzz bbd80ebd50510217597d4d9a75b57564cb8a7b32
SahiClient fe8a66ef3162fa783fc0ad8d49d5f3b59a4682da
MinkBundle 0bdad1d30b8d6af981920615c9102fd8ab4b5408
Mink d0c2d91e462562f526721508c4f91ed0c47115ca
BehatBundle 2e189e02241dc3ba027ed2d436cfa5250851f161
Gherkin ebf711c78542c83a98c65d1ab0ce8002afd616e5
Behat e1652097725dd917a47d34d352517ad2493d151a
Zend 52d83e7f99494ccc356f3e93df7b276cf7833ef0
Goutte e1652097725dd917a47d34d352517ad2493d151a