sonata_block:
    context_manager: sonata.page.block.context_manager
    default_contexts: [cms]

    http_cache:
        listener: true

    blocks:
        sonata.admin.block.admin_list:
            contexts:   [admin]

        sonata.admin.block.search_result:
            contexts:   [admin]

#        sonata.admin_doctrine_orm.block.audit:
#            contexts:   [admin]

        sonata.block.service.text:
        sonata.page.block.container:
            cache: sonata.cache.memcached
        sonata.page.block.children_pages:
        sonata.block.service.rss:
        sonata.media.block.media:
        sonata.media.block.gallery:
        sonata.media.block.feature_media:
        sonata.news.block.recent_comments:
        sonata.news.block.recent_posts:
        sonata.timeline.block.timeline:

        sonata.user.block.account:
            cache: sonata.page.cache.js_async
#            cache: sonata.page.cache.esi
            contexts: [user]
        sonata.user.block.menu:
            contexts: [user]
