sonata_block:
    default_contexts: [cms]
    blocks:
        sonata.admin.block.admin_list:
            contexts:   [admin]

#        sonata.admin_doctrine_orm.block.audit:
#            contexts:   [admin]

        sonata.block.service.text:
        sonata.page.block.container:
        sonata.page.block.children_pages:
        sonata.block.service.rss:
        sonata.media.block.media:
        sonata.media.block.gallery:
        sonata.media.block.feature_media: